
Microsoft Visual Studio Solution File, Format Version 12.00
# Visual Studio 15
VisualStudioVersion = 15.0.28010.2048
MinimumVisualStudioVersion = 10.0.40219.1
Project("{FAE04EC0-301F-11D3-BF4B-00C04F79EFBC}") = "LoanProcessingApp", "LoanProcessingApp\LoanProcessingApp.csproj", "{271600D6-3E7B-42BC-83A9-4F193B62189E}"
EndProject
Global
	GlobalSection(SolutionConfigurationPlatforms) = preSolution
		Debug|Any CPU = Debug|Any CPU
		Release|Any CPU = Release|Any CPU
	EndGlobalSection
	GlobalSection(ProjectConfigurationPlatforms) = postSolution
		{271600D6-3E7B-42BC-83A9-4F193B62189E}.Debug|Any CPU.ActiveCfg = Debug|Any CPU
		{271600D6-3E7B-42BC-83A9-4F193B62189E}.Debug|Any CPU.Build.0 = Debug|Any CPU
		{271600D6-3E7B-42BC-83A9-4F193B62189E}.Release|Any CPU.ActiveCfg = Release|Any CPU
		{271600D6-3E7B-42BC-83A9-4F193B62189E}.Release|Any CPU.Build.0 = Release|Any CPU
	EndGlobalSection
	GlobalSection(SolutionProperties) = preSolution
		HideSolutionNode = FALSE
	EndGlobalSection
	GlobalSection(ExtensibilityGlobals) = postSolution
		SolutionGuid = {02A2CC6F-EA54-4BB2-9D00-9085A0A48A6F}
	EndGlobalSection
EndGlobal
